
Microsoft Visual Studio Solution File, Format Version 12.00
# Visual Studio 15
VisualStudioVersion = 15.0.27004.2002
MinimumVisualStudioVersion = 10.0.40219.1
Project("{FAE04EC0-301F-11D3-BF4B-00C04F79EFBC}") = "PriceCalculatorTests", "PriceCalculatorTests\PriceCalculatorTests.csproj", "{F11783C1-5A23-4E1D-B072-0702D854B4D9}"
EndProject
Global
	GlobalSection(SolutionConfigurationPlatforms) = preSolution
		Debug|Any CPU = Debug|Any CPU
		Release|Any CPU = Release|Any CPU
	EndGlobalSection
	GlobalSection(ProjectConfigurationPlatforms) = postSolution
		{F11783C1-5A23-4E1D-B072-0702D854B4D9}.Debug|Any CPU.ActiveCfg = Debug|Any CPU
		{F11783C1-5A23-4E1D-B072-0702D854B4D9}.Debug|Any CPU.Build.0 = Debug|Any CPU
		{F11783C1-5A23-4E1D-B072-0702D854B4D9}.Release|Any CPU.ActiveCfg = Release|Any CPU
		{F11783C1-5A23-4E1D-B072-0702D854B4D9}.Release|Any CPU.Build.0 = Release|Any CPU
	EndGlobalSection
	GlobalSection(SolutionProperties) = preSolution
		HideSolutionNode = FALSE
	EndGlobalSection
	GlobalSection(ExtensibilityGlobals) = postSolution
		SolutionGuid = {D2D185DF-21D3-48E3-8EEC-28B17156E5E5}
	EndGlobalSection
EndGlobal
